
Microsoft Visual Studio Solution File, Format Version 12.00
# Visual Studio Version 16
VisualStudioVersion = 16.0.31729.503
MinimumVisualStudioVersion = 10.0.40219.1
Project("{8BC9CEB8-8B4A-11D0-8D11-00A0C91BC942}") = "test 2021-11-7 C language keyword", "test 2021-11-7 C language keyword.vcxproj", "{6EC8A06C-D471-41A0-95D7-05DEB1C482DF}"
EndProject
Global
	GlobalSection(SolutionConfigurationPlatforms) = preSolution
		Debug|x64 = Debug|x64
		Debug|x86 = Debug|x86
		Release|x64 = Release|x64
		Release|x86 = Release|x86
	EndGlobalSection
	GlobalSection(ProjectConfigurationPlatforms) = postSolution
		{6EC8A06C-D471-41A0-95D7-05DEB1C482DF}.Debug|x64.ActiveCfg = Debug|x64
		{6EC8A06C-D471-41A0-95D7-05DEB1C482DF}.Debug|x64.Build.0 = Debug|x64
		{6EC8A06C-D471-41A0-95D7-05DEB1C482DF}.Debug|x86.ActiveCfg = Debug|Win32
		{6EC8A06C-D471-41A0-95D7-05DEB1C482DF}.Debug|x86.Build.0 = Debug|Win32
		{6EC8A06C-D471-41A0-95D7-05DEB1C482DF}.Release|x64.ActiveCfg = Release|x64
		{6EC8A06C-D471-41A0-95D7-05DEB1C482DF}.Release|x64.Build.0 = Release|x64
		{6EC8A06C-D471-41A0-95D7-05DEB1C482DF}.Release|x86.ActiveCfg = Release|Win32
		{6EC8A06C-D471-41A0-95D7-05DEB1C482DF}.Release|x86.Build.0 = Release|Win32
	EndGlobalSection
	GlobalSection(SolutionProperties) = preSolution
		HideSolutionNode = FALSE
	EndGlobalSection
	GlobalSection(ExtensibilityGlobals) = postSolution
		SolutionGuid = {8E1EDE15-5C9F-45E3-8D8A-83BDDCDF2EAD}
	EndGlobalSection
EndGlobal
